
Microsoft Visual Studio Solution File, Format Version 12.00
# Visual Studio Version 17
VisualStudioVersion = 17.9.34616.47
MinimumVisualStudioVersion = 10.0.40219.1
Project("{FAE04EC0-301F-11D3-BF4B-00C04F79EFBC}") = "WpfApp_TodoList", "WpfApp_TodoList\WpfApp_TodoList.csproj", "{84C947D2-F102-4C60-ABE9-513773F993A1}"
EndProject
Global
	GlobalSection(SolutionConfigurationPlatforms) = preSolution
		Debug|Any CPU = Debug|Any CPU
		Release|Any CPU = Release|Any CPU
	EndGlobalSection
	GlobalSection(ProjectConfigurationPlatforms) = postSolution
		{84C947D2-F102-4C60-ABE9-513773F993A1}.Debug|Any CPU.ActiveCfg = Debug|Any CPU
		{84C947D2-F102-4C60-ABE9-513773F993A1}.Debug|Any CPU.Build.0 = Debug|Any CPU
		{84C947D2-F102-4C60-ABE9-513773F993A1}.Release|Any CPU.ActiveCfg = Release|Any CPU
		{84C947D2-F102-4C60-ABE9-513773F993A1}.Release|Any CPU.Build.0 = Release|Any CPU
	EndGlobalSection
	GlobalSection(SolutionProperties) = preSolution
		HideSolutionNode = FALSE
	EndGlobalSection
	GlobalSection(ExtensibilityGlobals) = postSolution
		SolutionGuid = {F5DA147E-9166-4FE4-9C98-B98CB8A5D63C}
	EndGlobalSection
EndGlobal
